
Microsoft Visual Studio Solution File, Format Version 12.00
# Visual Studio 15
VisualStudioVersion = 15.0.28010.2036
MinimumVisualStudioVersion = 10.0.40219.1
Project("{FAE04EC0-301F-11D3-BF4B-00C04F79EFBC}") = "QPoster", "QPoster\QPoster.csproj", "{3CDEBAC2-7BEC-4806-9E8F-E66BD8850B11}"
EndProject
Global
	GlobalSection(SolutionConfigurationPlatforms) = preSolution
		Debug|Any CPU = Debug|Any CPU
		Release|Any CPU = Release|Any CPU
	EndGlobalSection
	GlobalSection(ProjectConfigurationPlatforms) = postSolution
		{3CDEBAC2-7BEC-4806-9E8F-E66BD8850B11}.Debug|Any CPU.ActiveCfg = Debug|Any CPU
		{3CDEBAC2-7BEC-4806-9E8F-E66BD8850B11}.Debug|Any CPU.Build.0 = Debug|Any CPU
		{3CDEBAC2-7BEC-4806-9E8F-E66BD8850B11}.Release|Any CPU.ActiveCfg = Release|Any CPU
		{3CDEBAC2-7BEC-4806-9E8F-E66BD8850B11}.Release|Any CPU.Build.0 = Release|Any CPU
	EndGlobalSection
	GlobalSection(SolutionProperties) = preSolution
		HideSolutionNode = FALSE
	EndGlobalSection
	GlobalSection(ExtensibilityGlobals) = postSolution
		SolutionGuid = {A0E5C944-82F1-487C-9CE6-AA38083F3E04}
	EndGlobalSection
EndGlobal
